version = 1
revision = 2
requires-python = ">=3.13"

[[package]]
name = "packaging"
version = "25.0"
source = { registry = "https://pypi.org/simple" }
sdist = { url = "https://files.pythonhosted.org/packages/a1/d4/1fc4078c65507b51b96ca8f8c3ba19e6a61c8253c72794544580a7b6c24d/packaging-25.0.tar.gz", hash = "sha256:d443872c98d677bf60f6a1f2f8c1cb748e8fe762d2bf9d3148b5599295b0fc4f", size = 165727, upload_time = "2025-04-19T11:48:59.673Z" }
wheels = [
    { url = "https://files.pythonhosted.org/packages/20/12/38679034af332785aac8774540895e234f4d07f7545804097de4b666afd8/packaging-25.0-py3-none-any.whl", hash = "sha256:29572ef2b1f17581046b3a2227d5c611fb25ec70ca1ba8554b24b0e69331a484", size = 66469, upload_time = "2025-04-19T11:48:57.875Z" },
]

[[package]]
name = "pp-ez"
version = "0.2.0"
source = { registry = "https://pypi.org/simple" }
sdist = { url = "https://files.pythonhosted.org/packages/6a/6f/eb7883bbc0c2658229266e93e2eadeb503a4b120f4a19806348685d2ee37/pp-ez-0.2.0.tar.gz", hash = "sha256:87b9e5a0fdd7ced5b46d1b61706113cac9ec1670a76b10d308334db44c20cc29", size = 2045, upload_time = "2014-04-22T17:27:54.969Z" }
wheels = [
    { url = "https://files.pythonhosted.org/packages/3e/fb/71815f82143b90c82a2e1b4fdd2e556b124d8b4e3c570297d69f9c4ded1d/pp_ez-0.2.0-py2.py3-none-any.whl", hash = "sha256:554dc28eff8b2df864fcd3326bd5fa0ec3f2b85bc9590fd96771a7c49e45c121", size = 3321, upload_time = "2014-04-22T17:27:57.677Z" },
]

[[package]]
name = "pprintpp"
version = "0.4.0"
source = { registry = "https://pypi.org/simple" }
sdist = { url = "https://files.pythonhosted.org/packages/06/1a/7737e7a0774da3c3824d654993cf57adc915cb04660212f03406334d8c0b/pprintpp-0.4.0.tar.gz", hash = "sha256:ea826108e2c7f49dc6d66c752973c3fc9749142a798d6b254e1e301cfdbc6403", size = 17995, upload_time = "2018-07-01T01:42:34.87Z" }
wheels = [
    { url = "https://files.pythonhosted.org/packages/4e/d1/e4ed95fdd3ef13b78630280d9e9e240aeb65cc7c544ec57106149c3942fb/pprintpp-0.4.0-py2.py3-none-any.whl", hash = "sha256:b6b4dcdd0c0c0d75e4d7b2f21a9e933e5b2ce62b26e1a54537f9651ae5a5c01d", size = 16952, upload_time = "2018-07-01T01:42:36.496Z" },
]

[[package]]
name = "pygments"
version = "2.19.1"
source = { registry = "https://pypi.org/simple" }
sdist = { url = "https://files.pythonhosted.org/packages/7c/2d/c3338d48ea6cc0feb8446d8e6937e1408088a72a39937982cc6111d17f84/pygments-2.19.1.tar.gz", hash = "sha256:61c16d2a8576dc0649d9f39e089b5f02bcd27fba10d8fb4dcc28173f7a45151f", size = 4968581, upload_time = "2025-01-06T17:26:30.443Z" }
wheels = [
    { url = "https://files.pythonhosted.org/packages/8a/0b/9fcc47d19c48b59121088dd6da2488a49d5f72dacf8262e2790a1d2c7d15/pygments-2.19.1-py3-none-any.whl", hash = "sha256:9ea1544ad55cecf4b8242fab6dd35a93bbce657034b0611ee383099054ab6d8c", size = 1225293, upload_time = "2025-01-06T17:26:25.553Z" },
]

[[package]]
name = "static-site-generator"
version = "0.1.0"
source = { virtual = "." }
dependencies = [
    { name = "packaging" },
    { name = "pp-ez" },
    { name = "pprintpp" },
    { name = "pygments" },
]

[package.metadata]
requires-dist = [
    { name = "packaging", specifier = ">=25.0" },
    { name = "pp-ez", specifier = ">=0.2.0" },
    { name = "pprintpp", specifier = ">=0.4.0" },
    { name = "pygments", specifier = ">=2.19.1" },
]
